
Microsoft Visual Studio Solution File, Format Version 12.00
# Visual Studio Version 16
VisualStudioVersion = 16.0.30611.23
MinimumVisualStudioVersion = 10.0.40219.1
Project("{9A19103F-16F7-4668-BE54-9A1E7A4F7556}") = "Projekt_Susz_Kulec_Koterwa", "Projekt_Susz_Kulec_Koterwa.csproj", "{869331C6-7F72-49DC-A39D-0E24C50A66C4}"
EndProject
Project("{9A19103F-16F7-4668-BE54-9A1E7A4F7556}") = "GUI", "..\GUI\GUI.csproj", "{95C95F57-F2D1-4BD0-BF5B-886063B7B270}"
EndProject
Project("{FAE04EC0-301F-11D3-BF4B-00C04F79EFBC}") = "Testy", "..\Testy\Testy.csproj", "{66C9E45A-BACF-4130-8F3F-C19F81270468}"
EndProject
Global
	GlobalSection(SolutionConfigurationPlatforms) = preSolution
		Debug|Any CPU = Debug|Any CPU
		Release|Any CPU = Release|Any CPU
	EndGlobalSection
	GlobalSection(ProjectConfigurationPlatforms) = postSolution
		{869331C6-7F72-49DC-A39D-0E24C50A66C4}.Debug|Any CPU.ActiveCfg = Debug|Any CPU
		{869331C6-7F72-49DC-A39D-0E24C50A66C4}.Debug|Any CPU.Build.0 = Debug|Any CPU
		{869331C6-7F72-49DC-A39D-0E24C50A66C4}.Release|Any CPU.ActiveCfg = Release|Any CPU
		{869331C6-7F72-49DC-A39D-0E24C50A66C4}.Release|Any CPU.Build.0 = Release|Any CPU
		{95C95F57-F2D1-4BD0-BF5B-886063B7B270}.Debug|Any CPU.ActiveCfg = Debug|Any CPU
		{95C95F57-F2D1-4BD0-BF5B-886063B7B270}.Debug|Any CPU.Build.0 = Debug|Any CPU
		{95C95F57-F2D1-4BD0-BF5B-886063B7B270}.Release|Any CPU.ActiveCfg = Release|Any CPU
		{95C95F57-F2D1-4BD0-BF5B-886063B7B270}.Release|Any CPU.Build.0 = Release|Any CPU
		{66C9E45A-BACF-4130-8F3F-C19F81270468}.Debug|Any CPU.ActiveCfg = Debug|Any CPU
		{66C9E45A-BACF-4130-8F3F-C19F81270468}.Debug|Any CPU.Build.0 = Debug|Any CPU
		{66C9E45A-BACF-4130-8F3F-C19F81270468}.Release|Any CPU.ActiveCfg = Release|Any CPU
		{66C9E45A-BACF-4130-8F3F-C19F81270468}.Release|Any CPU.Build.0 = Release|Any CPU
	EndGlobalSection
	GlobalSection(SolutionProperties) = preSolution
		HideSolutionNode = FALSE
	EndGlobalSection
	GlobalSection(ExtensibilityGlobals) = postSolution
		SolutionGuid = {019F3C33-FC2B-4C9E-9410-739DBEE49F4A}
	EndGlobalSection
EndGlobal
